
Microsoft Visual Studio Solution File, Format Version 12.00
# Visual Studio Version 17
VisualStudioVersion = 17.7.34031.279
MinimumVisualStudioVersion = 10.0.40219.1
Project("{2150E333-8FDC-42A3-9474-1A3956D46DE8}") = "samples", "samples", "{1BA9DB0A-8961-4AA1-BB81-F8C2820FCB52}"
EndProject
Project("{2150E333-8FDC-42A3-9474-1A3956D46DE8}") = "tests", "tests", "{BFBCA122-F9F1-4A26-BD18-DFBA1A0E69D5}"
EndProject
Project("{9A19103F-16F7-4668-BE54-9A1E7A4F7556}") = "Krosoft.Extensions.Cqrs", "src\Krosoft.Extensions.Cqrs\Krosoft.Extensions.Cqrs.csproj", "{6E8C7F2B-FDBF-46F6-A616-2753AABB6E5F}"
EndProject
Project("{2150E333-8FDC-42A3-9474-1A3956D46DE8}") = "src", "src", "{699E6411-C1FC-49BC-8853-66CDCB0B863A}"
EndProject
Project("{9A19103F-16F7-4668-BE54-9A1E7A4F7556}") = "Krosoft.Extensions.Cqrs.Behaviors", "src\Krosoft.Extensions.Cqrs.Behaviors\Krosoft.Extensions.Cqrs.Behaviors.csproj", "{8228898F-4E4E-4E57-8D67-F45321D4A9B4}"
EndProject
Project("{9A19103F-16F7-4668-BE54-9A1E7A4F7556}") = "Krosoft.Extensions.Cqrs.Behaviors.Identity", "src\Krosoft.Extensions.Cqrs.Behaviors.Identity\Krosoft.Extensions.Cqrs.Behaviors.Identity.csproj", "{11346FE6-723B-4C68-8FD0-8A63A45C4F88}"
EndProject
Project("{9A19103F-16F7-4668-BE54-9A1E7A4F7556}") = "Krosoft.Extensions.Cqrs.Behaviors.Validations", "src\Krosoft.Extensions.Cqrs.Behaviors.Validations\Krosoft.Extensions.Cqrs.Behaviors.Validations.csproj", "{3F256B36-B613-4BEE-B20B-7A602A4FB5A0}"
EndProject
Project("{FAE04EC0-301F-11D3-BF4B-00C04F79EFBC}") = "Krosoft.Extensions.Cqrs.Behaviors.Tests", "tests\Krosoft.Extensions.Cqrs.Behaviors.Tests\Krosoft.Extensions.Cqrs.Behaviors.Tests.csproj", "{91B8BCFD-02EB-46E1-ADDD-4D833D91DD4B}"
EndProject
Global
	GlobalSection(SolutionConfigurationPlatforms) = preSolution
		Debug|Any CPU = Debug|Any CPU
		Debug|ARM = Debug|ARM
		Debug|x64 = Debug|x64
		Debug|x86 = Debug|x86
		Release|Any CPU = Release|Any CPU
		Release|ARM = Release|ARM
		Release|x64 = Release|x64
		Release|x86 = Release|x86
	EndGlobalSection
	GlobalSection(ProjectConfigurationPlatforms) = postSolution
		{6E8C7F2B-FDBF-46F6-A616-2753AABB6E5F}.Debug|Any CPU.ActiveCfg = Debug|Any CPU
		{6E8C7F2B-FDBF-46F6-A616-2753AABB6E5F}.Debug|Any CPU.Build.0 = Debug|Any CPU
		{6E8C7F2B-FDBF-46F6-A616-2753AABB6E5F}.Debug|ARM.ActiveCfg = Debug|Any CPU
		{6E8C7F2B-FDBF-46F6-A616-2753AABB6E5F}.Debug|ARM.Build.0 = Debug|Any CPU
		{6E8C7F2B-FDBF-46F6-A616-2753AABB6E5F}.Debug|x64.ActiveCfg = Debug|Any CPU
		{6E8C7F2B-FDBF-46F6-A616-2753AABB6E5F}.Debug|x64.Build.0 = Debug|Any CPU
		{6E8C7F2B-FDBF-46F6-A616-2753AABB6E5F}.Debug|x86.ActiveCfg = Debug|Any CPU
		{6E8C7F2B-FDBF-46F6-A616-2753AABB6E5F}.Debug|x86.Build.0 = Debug|Any CPU
		{6E8C7F2B-FDBF-46F6-A616-2753AABB6E5F}.Release|Any CPU.ActiveCfg = Release|Any CPU
		{6E8C7F2B-FDBF-46F6-A616-2753AABB6E5F}.Release|Any CPU.Build.0 = Release|Any CPU
		{6E8C7F2B-FDBF-46F6-A616-2753AABB6E5F}.Release|ARM.ActiveCfg = Release|Any CPU
		{6E8C7F2B-FDBF-46F6-A616-2753AABB6E5F}.Release|ARM.Build.0 = Release|Any CPU
		{6E8C7F2B-FDBF-46F6-A616-2753AABB6E5F}.Release|x64.ActiveCfg = Release|Any CPU
		{6E8C7F2B-FDBF-46F6-A616-2753AABB6E5F}.Release|x64.Build.0 = Release|Any CPU
		{6E8C7F2B-FDBF-46F6-A616-2753AABB6E5F}.Release|x86.ActiveCfg = Release|Any CPU
		{6E8C7F2B-FDBF-46F6-A616-2753AABB6E5F}.Release|x86.Build.0 = Release|Any CPU
		{8228898F-4E4E-4E57-8D67-F45321D4A9B4}.Debug|Any CPU.ActiveCfg = Debug|Any CPU
		{8228898F-4E4E-4E57-8D67-F45321D4A9B4}.Debug|Any CPU.Build.0 = Debug|Any CPU
		{8228898F-4E4E-4E57-8D67-F45321D4A9B4}.Debug|ARM.ActiveCfg = Debug|Any CPU
		{8228898F-4E4E-4E57-8D67-F45321D4A9B4}.Debug|ARM.Build.0 = Debug|Any CPU
		{8228898F-4E4E-4E57-8D67-F45321D4A9B4}.Debug|x64.ActiveCfg = Debug|Any CPU
		{8228898F-4E4E-4E57-8D67-F45321D4A9B4}.Debug|x64.Build.0 = Debug|Any CPU
		{8228898F-4E4E-4E57-8D67-F45321D4A9B4}.Debug|x86.ActiveCfg = Debug|Any CPU
		{8228898F-4E4E-4E57-8D67-F45321D4A9B4}.Debug|x86.Build.0 = Debug|Any CPU
		{8228898F-4E4E-4E57-8D67-F45321D4A9B4}.Release|Any CPU.ActiveCfg = Release|Any CPU
		{8228898F-4E4E-4E57-8D67-F45321D4A9B4}.Release|Any CPU.Build.0 = Release|Any CPU
		{8228898F-4E4E-4E57-8D67-F45321D4A9B4}.Release|ARM.ActiveCfg = Release|Any CPU
		{8228898F-4E4E-4E57-8D67-F45321D4A9B4}.Release|ARM.Build.0 = Release|Any CPU
		{8228898F-4E4E-4E57-8D67-F45321D4A9B4}.Release|x64.ActiveCfg = Release|Any CPU
		{8228898F-4E4E-4E57-8D67-F45321D4A9B4}.Release|x64.Build.0 = Release|Any CPU
		{8228898F-4E4E-4E57-8D67-F45321D4A9B4}.Release|x86.ActiveCfg = Release|Any CPU
		{8228898F-4E4E-4E57-8D67-F45321D4A9B4}.Release|x86.Build.0 = Release|Any CPU
		{11346FE6-723B-4C68-8FD0-8A63A45C4F88}.Debug|Any CPU.ActiveCfg = Debug|Any CPU
		{11346FE6-723B-4C68-8FD0-8A63A45C4F88}.Debug|Any CPU.Build.0 = Debug|Any CPU
		{11346FE6-723B-4C68-8FD0-8A63A45C4F88}.Debug|ARM.ActiveCfg = Debug|Any CPU
		{11346FE6-723B-4C68-8FD0-8A63A45C4F88}.Debug|ARM.Build.0 = Debug|Any CPU
		{11346FE6-723B-4C68-8FD0-8A63A45C4F88}.Debug|x64.ActiveCfg = Debug|Any CPU
		{11346FE6-723B-4C68-8FD0-8A63A45C4F88}.Debug|x64.Build.0 = Debug|Any CPU
		{11346FE6-723B-4C68-8FD0-8A63A45C4F88}.Debug|x86.ActiveCfg = Debug|Any CPU
		{11346FE6-723B-4C68-8FD0-8A63A45C4F88}.Debug|x86.Build.0 = Debug|Any CPU
		{11346FE6-723B-4C68-8FD0-8A63A45C4F88}.Release|Any CPU.ActiveCfg = Release|Any CPU
		{11346FE6-723B-4C68-8FD0-8A63A45C4F88}.Release|Any CPU.Build.0 = Release|Any CPU
		{11346FE6-723B-4C68-8FD0-8A63A45C4F88}.Release|ARM.ActiveCfg = Release|Any CPU
		{11346FE6-723B-4C68-8FD0-8A63A45C4F88}.Release|ARM.Build.0 = Release|Any CPU
		{11346FE6-723B-4C68-8FD0-8A63A45C4F88}.Release|x64.ActiveCfg = Release|Any CPU
		{11346FE6-723B-4C68-8FD0-8A63A45C4F88}.Release|x64.Build.0 = Release|Any CPU
		{11346FE6-723B-4C68-8FD0-8A63A45C4F88}.Release|x86.ActiveCfg = Release|Any CPU
		{11346FE6-723B-4C68-8FD0-8A63A45C4F88}.Release|x86.Build.0 = Release|Any CPU
		{3F256B36-B613-4BEE-B20B-7A602A4FB5A0}.Debug|Any CPU.ActiveCfg = Debug|Any CPU
		{3F256B36-B613-4BEE-B20B-7A602A4FB5A0}.Debug|Any CPU.Build.0 = Debug|Any CPU
		{3F256B36-B613-4BEE-B20B-7A602A4FB5A0}.Debug|ARM.ActiveCfg = Debug|Any CPU
		{3F256B36-B613-4BEE-B20B-7A602A4FB5A0}.Debug|ARM.Build.0 = Debug|Any CPU
		{3F256B36-B613-4BEE-B20B-7A602A4FB5A0}.Debug|x64.ActiveCfg = Debug|Any CPU
		{3F256B36-B613-4BEE-B20B-7A602A4FB5A0}.Debug|x64.Build.0 = Debug|Any CPU
		{3F256B36-B613-4BEE-B20B-7A602A4FB5A0}.Debug|x86.ActiveCfg = Debug|Any CPU
		{3F256B36-B613-4BEE-B20B-7A602A4FB5A0}.Debug|x86.Build.0 = Debug|Any CPU
		{3F256B36-B613-4BEE-B20B-7A602A4FB5A0}.Release|Any CPU.ActiveCfg = Release|Any CPU
		{3F256B36-B613-4BEE-B20B-7A602A4FB5A0}.Release|Any CPU.Build.0 = Release|Any CPU
		{3F256B36-B613-4BEE-B20B-7A602A4FB5A0}.Release|ARM.ActiveCfg = Release|Any CPU
		{3F256B36-B613-4BEE-B20B-7A602A4FB5A0}.Release|ARM.Build.0 = Release|Any CPU
		{3F256B36-B613-4BEE-B20B-7A602A4FB5A0}.Release|x64.ActiveCfg = Release|Any CPU
		{3F256B36-B613-4BEE-B20B-7A602A4FB5A0}.Release|x64.Build.0 = Release|Any CPU
		{3F256B36-B613-4BEE-B20B-7A602A4FB5A0}.Release|x86.ActiveCfg = Release|Any CPU
		{3F256B36-B613-4BEE-B20B-7A602A4FB5A0}.Release|x86.Build.0 = Release|Any CPU
		{91B8BCFD-02EB-46E1-ADDD-4D833D91DD4B}.Debug|Any CPU.ActiveCfg = Debug|Any CPU
		{91B8BCFD-02EB-46E1-ADDD-4D833D91DD4B}.Debug|Any CPU.Build.0 = Debug|Any CPU
		{91B8BCFD-02EB-46E1-ADDD-4D833D91DD4B}.Debug|ARM.ActiveCfg = Debug|Any CPU
		{91B8BCFD-02EB-46E1-ADDD-4D833D91DD4B}.Debug|ARM.Build.0 = Debug|Any CPU
		{91B8BCFD-02EB-46E1-ADDD-4D833D91DD4B}.Debug|x64.ActiveCfg = Debug|Any CPU
		{91B8BCFD-02EB-46E1-ADDD-4D833D91DD4B}.Debug|x64.Build.0 = Debug|Any CPU
		{91B8BCFD-02EB-46E1-ADDD-4D833D91DD4B}.Debug|x86.ActiveCfg = Debug|Any CPU
		{91B8BCFD-02EB-46E1-ADDD-4D833D91DD4B}.Debug|x86.Build.0 = Debug|Any CPU
		{91B8BCFD-02EB-46E1-ADDD-4D833D91DD4B}.Release|Any CPU.ActiveCfg = Release|Any CPU
		{91B8BCFD-02EB-46E1-ADDD-4D833D91DD4B}.Release|Any CPU.Build.0 = Release|Any CPU
		{91B8BCFD-02EB-46E1-ADDD-4D833D91DD4B}.Release|ARM.ActiveCfg = Release|Any CPU
		{91B8BCFD-02EB-46E1-ADDD-4D833D91DD4B}.Release|ARM.Build.0 = Release|Any CPU
		{91B8BCFD-02EB-46E1-ADDD-4D833D91DD4B}.Release|x64.ActiveCfg = Release|Any CPU
		{91B8BCFD-02EB-46E1-ADDD-4D833D91DD4B}.Release|x64.Build.0 = Release|Any CPU
		{91B8BCFD-02EB-46E1-ADDD-4D833D91DD4B}.Release|x86.ActiveCfg = Release|Any CPU
		{91B8BCFD-02EB-46E1-ADDD-4D833D91DD4B}.Release|x86.Build.0 = Release|Any CPU
	EndGlobalSection
	GlobalSection(SolutionProperties) = preSolution
		HideSolutionNode = FALSE
	EndGlobalSection
	GlobalSection(NestedProjects) = preSolution
		{6E8C7F2B-FDBF-46F6-A616-2753AABB6E5F} = {699E6411-C1FC-49BC-8853-66CDCB0B863A}
		{8228898F-4E4E-4E57-8D67-F45321D4A9B4} = {699E6411-C1FC-49BC-8853-66CDCB0B863A}
		{11346FE6-723B-4C68-8FD0-8A63A45C4F88} = {699E6411-C1FC-49BC-8853-66CDCB0B863A}
		{3F256B36-B613-4BEE-B20B-7A602A4FB5A0} = {699E6411-C1FC-49BC-8853-66CDCB0B863A}
		{91B8BCFD-02EB-46E1-ADDD-4D833D91DD4B} = {BFBCA122-F9F1-4A26-BD18-DFBA1A0E69D5}
	EndGlobalSection
	GlobalSection(ExtensibilityGlobals) = postSolution
		SolutionGuid = {7FD07ECB-B4B5-4D65-8E03-10F0C97C77A9}
	EndGlobalSection
EndGlobal
